
Microsoft Visual Studio Solution File, Format Version 12.00
# Visual Studio Version 16
VisualStudioVersion = 16.0.30320.27
MinimumVisualStudioVersion = 10.0.40219.1
Project("{2150E333-8FDC-42A3-9474-1A3956D46DE8}") = "MsrtDg.Application", "MsrtDg.Application", "{29A36ABE-929E-4688-8DEE-6EBFBF2669AA}"
EndProject
Project("{2150E333-8FDC-42A3-9474-1A3956D46DE8}") = "MsrtDg.Domain", "MsrtDg.Domain", "{B2B021C4-BC40-439B-861D-703622A84CAE}"
EndProject
Project("{2150E333-8FDC-42A3-9474-1A3956D46DE8}") = "MsrtDg.Infra.Data", "MsrtDg.Infra.Data", "{39388E9E-9B8C-4D3F-9F7B-1200C96F002E}"
EndProject
Project("{2150E333-8FDC-42A3-9474-1A3956D46DE8}") = "MsrtDg.Infra.Ioc", "MsrtDg.Infra.Ioc", "{5E675A83-E29C-408B-85AD-FBD42741ACF0}"
EndProject
Project("{2150E333-8FDC-42A3-9474-1A3956D46DE8}") = "MsrtDg.UI", "MsrtDg.UI", "{A571AC0D-0336-4383-BE28-50604E980C5C}"
EndProject
Global
	GlobalSection(SolutionProperties) = preSolution
		HideSolutionNode = FALSE
	EndGlobalSection
	GlobalSection(ExtensibilityGlobals) = postSolution
		SolutionGuid = {406BDB50-42F3-4A6F-844E-B680BF6FA216}
	EndGlobalSection
EndGlobal
